
Microsoft Visual Studio Solution File, Format Version 12.00
# Visual Studio Version 17
VisualStudioVersion = 17.4.33213.308
MinimumVisualStudioVersion = 10.0.40219.1
Project("{FAE04EC0-301F-11D3-BF4B-00C04F79EFBC}") = "RPGproject", "RPGproject\RPGproject.csproj", "{7957D881-F387-4B9C-AA4B-BF4AC169A2B9}"
EndProject
Global
	GlobalSection(SolutionConfigurationPlatforms) = preSolution
		Debug|Any CPU = Debug|Any CPU
		Release|Any CPU = Release|Any CPU
	EndGlobalSection
	GlobalSection(ProjectConfigurationPlatforms) = postSolution
		{7957D881-F387-4B9C-AA4B-BF4AC169A2B9}.Debug|Any CPU.ActiveCfg = Debug|Any CPU
		{7957D881-F387-4B9C-AA4B-BF4AC169A2B9}.Debug|Any CPU.Build.0 = Debug|Any CPU
		{7957D881-F387-4B9C-AA4B-BF4AC169A2B9}.Release|Any CPU.ActiveCfg = Release|Any CPU
		{7957D881-F387-4B9C-AA4B-BF4AC169A2B9}.Release|Any CPU.Build.0 = Release|Any CPU
	EndGlobalSection
	GlobalSection(SolutionProperties) = preSolution
		HideSolutionNode = FALSE
	EndGlobalSection
	GlobalSection(ExtensibilityGlobals) = postSolution
		SolutionGuid = {81C199A4-1434-4F93-A961-14AA94B05BFD}
	EndGlobalSection
EndGlobal
